hash: ad88b1c8325d32190bab159a3a588176c355728cd085ee2fc7b95bea51212cdd
updated: 2016-05-09T13:44:09.103014521+02:00
imports:
- name: github.com/davecgh/go-spew
  version: 5215b55f46b2b919f50a1df0eaa5886afe4e3b3d
  subpackages:
  - spew
- name: github.com/kardianos/osext
  version: 29ae4ffbc9a6fe9fb2bc5029050ce6996ea1d3bc
- name: github.com/RedCoolBeans/crane
  version: c3cb21c5b6cfa5cea1dad60b780fd553ffe1c90e
  subpackages:
  - util/fs
  - util/git
  - util/logging
  - util/manifest
  - util/ssh
  - util/utils
- name: gopkg.in/libgit2/git2go.v23
  version: fa644d2fc9efa3baee93b525212d76dfa17a5db5
- name: gopkg.in/yaml.v2
  version: a83829b6f1293c91addabc89d0571c246397bbf4
devImports: []
